
Microsoft Visual Studio Solution File, Format Version 12.00
# Visual Studio Version 17
VisualStudioVersion = 17.2.32516.85
MinimumVisualStudioVersion = 10.0.40219.1
Project("{2150E333-8FDC-42A3-9474-1A3956D46DE8}") = "Services", "Services", "{86FC40F7-D04C-4FE8-8E8D-EA7125232C4B}"
EndProject
Project("{2150E333-8FDC-42A3-9474-1A3956D46DE8}") = "Catalog", "Catalog", "{27E95302-24C6-4127-AE88-8D88916C252B}"
EndProject
Project("{9A19103F-16F7-4668-BE54-9A1E7A4F7556}") = "FreeCourse.Services.Catalog", "Services\Catalog\FreeCourse.Services.Catalog\FreeCourse.Services.Catalog.csproj", "{3AADE859-504A-4A8D-8D2E-1DA5D1289470}"
EndProject
Project("{2150E333-8FDC-42A3-9474-1A3956D46DE8}") = "Çözüm Öğeleri", "Çözüm Öğeleri", "{899309DA-EFC6-48FD-98D1-EE3B9DAD10A4}"
	ProjectSection(SolutionItems) = preProject
		Ports.txt = Ports.txt
	EndProjectSection
EndProject
Project("{2150E333-8FDC-42A3-9474-1A3956D46DE8}") = "IdentityServer", "IdentityServer", "{85836140-D61E-4BE4-96AF-B622A654A78F}"
EndProject
Project("{9A19103F-16F7-4668-BE54-9A1E7A4F7556}") = "FreeCourse.IdentityServer", "IdentityServer\FreeCourse.IdentityServer\FreeCourse.IdentityServer.csproj", "{4BDEB869-BE09-4DBA-BA53-BEAE1AC000BC}"
EndProject
Project("{2150E333-8FDC-42A3-9474-1A3956D46DE8}") = "Shared", "Shared", "{2F91E386-4B37-495F-B00E-27703CB5D6CC}"
EndProject
Project("{9A19103F-16F7-4668-BE54-9A1E7A4F7556}") = "FreeCourse.Shared", "Shared\FreeCourse.Shared\FreeCourse.Shared.csproj", "{72AF408B-AFA6-4504-B302-036A08775EF8}"
EndProject
Project("{2150E333-8FDC-42A3-9474-1A3956D46DE8}") = "PhotoStock", "PhotoStock", "{E5125FF7-5A62-4DE6-97E2-2BEA866D7EFF}"
EndProject
Project("{9A19103F-16F7-4668-BE54-9A1E7A4F7556}") = "FreeCourse.Services.PhotoStock", "Services\PhotoStock\FreeCourse.Services.PhotoStock\FreeCourse.Services.PhotoStock.csproj", "{A9164EA7-D6BA-4C8F-972A-DCF7DAF8603B}"
EndProject
Project("{2150E333-8FDC-42A3-9474-1A3956D46DE8}") = "Basket", "Basket", "{764BEA5C-838B-4D89-8F00-6B7F9D2FBA9A}"
EndProject
Project("{9A19103F-16F7-4668-BE54-9A1E7A4F7556}") = "FreeCourse.Services.Basket", "Services\Basket\FreeCourse.Services.Basket\FreeCourse.Services.Basket.csproj", "{26B96C12-8AE3-4D3B-9EC5-5B65346782EA}"
EndProject
Project("{2150E333-8FDC-42A3-9474-1A3956D46DE8}") = "Discount", "Discount", "{8751262A-7A21-45BE-9159-FACAD124308E}"
EndProject
Project("{9A19103F-16F7-4668-BE54-9A1E7A4F7556}") = "FreeCourse.Services.Discount", "Services\Discount\FreeCourse.Services.Discount\FreeCourse.Services.Discount.csproj", "{6635893E-FB70-4485-9406-6BC4F431A940}"
EndProject
Project("{2150E333-8FDC-42A3-9474-1A3956D46DE8}") = "Order", "Order", "{D7015CF8-A981-4DF8-B198-7365F9A02F30}"
EndProject
Project("{9A19103F-16F7-4668-BE54-9A1E7A4F7556}") = "FreeCourse.Services.Order.API", "Services\Order\FreeCourse.Services.Order.API\FreeCourse.Services.Order.API.csproj", "{30FFD71C-9422-48F7-A13F-DE48282D9168}"
EndProject
Project("{9A19103F-16F7-4668-BE54-9A1E7A4F7556}") = "FreeCourse.Services.Order.Application", "Services\Order\FreeCourse.Services.Order.Application\FreeCourse.Services.Order.Application.csproj", "{C97A65E2-1B63-421F-8504-EB74ED096B5A}"
EndProject
Project("{9A19103F-16F7-4668-BE54-9A1E7A4F7556}") = "FreeCourse.Services.Order.Domain", "Services\Order\FreeCourse.Services.Order.Domain\FreeCourse.Services.Order.Domain.csproj", "{563330D0-4DDD-43A9-9A9D-23848FCCCA7B}"
EndProject
Project("{9A19103F-16F7-4668-BE54-9A1E7A4F7556}") = "FreeCourse.Services.Order.Domain.Core", "Services\Order\FreeCourse.Services.Order.Domain.Core\FreeCourse.Services.Order.Domain.Core.csproj", "{7EEC4056-25A1-4543-8B79-B17C5C723B1F}"
EndProject
Project("{9A19103F-16F7-4668-BE54-9A1E7A4F7556}") = "FreeCourse.Services.Order.Infrastructure", "Services\Order\FreeCourse.Services.Order.Infrastructure\FreeCourse.Services.Order.Infrastructure.csproj", "{00AC61AF-5E1F-44F4-BB38-25E909B3677E}"
EndProject
Project("{2150E333-8FDC-42A3-9474-1A3956D46DE8}") = "FakePayment", "FakePayment", "{A5A14DB2-38D8-49BF-88FB-9505C396C0B3}"
EndProject
Project("{9A19103F-16F7-4668-BE54-9A1E7A4F7556}") = "FreeCourse.Services.FakePayment", "Services\FakePayment\FreeCourse.Services.FakePayment\FreeCourse.Services.FakePayment.csproj", "{65BFF754-37F0-416A-80FA-9B0EF4201F48}"
EndProject
Project("{2150E333-8FDC-42A3-9474-1A3956D46DE8}") = "Gateways", "Gateways", "{E46827FA-FDE8-407A-B93E-B95E22BF1CD6}"
EndProject
Project("{9A19103F-16F7-4668-BE54-9A1E7A4F7556}") = "FreeCourse.Gateway", "FreeCourse.Gateway\FreeCourse.Gateway.csproj", "{32E6CB7E-6FFF-498A-846F-72C43E0F786A}"
EndProject
Project("{2150E333-8FDC-42A3-9474-1A3956D46DE8}") = "Frontends", "Frontends", "{EEF0BD19-C677-4073-9DF1-46D997EC8099}"
EndProject
Project("{FAE04EC0-301F-11D3-BF4B-00C04F79EFBC}") = "FreeCourse.Web", "Frontends\FreeCourse.Web\FreeCourse.Web.csproj", "{830051CD-B031-4F98-80F6-014603A36B52}"
EndProject
Global
	GlobalSection(SolutionConfigurationPlatforms) = preSolution
		Debug|Any CPU = Debug|Any CPU
		Release|Any CPU = Release|Any CPU
	EndGlobalSection
	GlobalSection(ProjectConfigurationPlatforms) = postSolution
		{3AADE859-504A-4A8D-8D2E-1DA5D1289470}.Debug|Any CPU.ActiveCfg = Debug|Any CPU
		{3AADE859-504A-4A8D-8D2E-1DA5D1289470}.Debug|Any CPU.Build.0 = Debug|Any CPU
		{3AADE859-504A-4A8D-8D2E-1DA5D1289470}.Release|Any CPU.ActiveCfg = Release|Any CPU
		{3AADE859-504A-4A8D-8D2E-1DA5D1289470}.Release|Any CPU.Build.0 = Release|Any CPU
		{4BDEB869-BE09-4DBA-BA53-BEAE1AC000BC}.Debug|Any CPU.ActiveCfg = Debug|Any CPU
		{4BDEB869-BE09-4DBA-BA53-BEAE1AC000BC}.Debug|Any CPU.Build.0 = Debug|Any CPU
		{4BDEB869-BE09-4DBA-BA53-BEAE1AC000BC}.Release|Any CPU.ActiveCfg = Release|Any CPU
		{4BDEB869-BE09-4DBA-BA53-BEAE1AC000BC}.Release|Any CPU.Build.0 = Release|Any CPU
		{72AF408B-AFA6-4504-B302-036A08775EF8}.Debug|Any CPU.ActiveCfg = Debug|Any CPU
		{72AF408B-AFA6-4504-B302-036A08775EF8}.Debug|Any CPU.Build.0 = Debug|Any CPU
		{72AF408B-AFA6-4504-B302-036A08775EF8}.Release|Any CPU.ActiveCfg = Release|Any CPU
		{72AF408B-AFA6-4504-B302-036A08775EF8}.Release|Any CPU.Build.0 = Release|Any CPU
		{A9164EA7-D6BA-4C8F-972A-DCF7DAF8603B}.Debug|Any CPU.ActiveCfg = Debug|Any CPU
		{A9164EA7-D6BA-4C8F-972A-DCF7DAF8603B}.Debug|Any CPU.Build.0 = Debug|Any CPU
		{A9164EA7-D6BA-4C8F-972A-DCF7DAF8603B}.Release|Any CPU.ActiveCfg = Release|Any CPU
		{A9164EA7-D6BA-4C8F-972A-DCF7DAF8603B}.Release|Any CPU.Build.0 = Release|Any CPU
		{26B96C12-8AE3-4D3B-9EC5-5B65346782EA}.Debug|Any CPU.ActiveCfg = Debug|Any CPU
		{26B96C12-8AE3-4D3B-9EC5-5B65346782EA}.Debug|Any CPU.Build.0 = Debug|Any CPU
		{26B96C12-8AE3-4D3B-9EC5-5B65346782EA}.Release|Any CPU.ActiveCfg = Release|Any CPU
		{26B96C12-8AE3-4D3B-9EC5-5B65346782EA}.Release|Any CPU.Build.0 = Release|Any CPU
		{6635893E-FB70-4485-9406-6BC4F431A940}.Debug|Any CPU.ActiveCfg = Debug|Any CPU
		{6635893E-FB70-4485-9406-6BC4F431A940}.Debug|Any CPU.Build.0 = Debug|Any CPU
		{6635893E-FB70-4485-9406-6BC4F431A940}.Release|Any CPU.ActiveCfg = Release|Any CPU
		{6635893E-FB70-4485-9406-6BC4F431A940}.Release|Any CPU.Build.0 = Release|Any CPU
		{30FFD71C-9422-48F7-A13F-DE48282D9168}.Debug|Any CPU.ActiveCfg = Debug|Any CPU
		{30FFD71C-9422-48F7-A13F-DE48282D9168}.Debug|Any CPU.Build.0 = Debug|Any CPU
		{30FFD71C-9422-48F7-A13F-DE48282D9168}.Release|Any CPU.ActiveCfg = Release|Any CPU
		{30FFD71C-9422-48F7-A13F-DE48282D9168}.Release|Any CPU.Build.0 = Release|Any CPU
		{C97A65E2-1B63-421F-8504-EB74ED096B5A}.Debug|Any CPU.ActiveCfg = Debug|Any CPU
		{C97A65E2-1B63-421F-8504-EB74ED096B5A}.Debug|Any CPU.Build.0 = Debug|Any CPU
		{C97A65E2-1B63-421F-8504-EB74ED096B5A}.Release|Any CPU.ActiveCfg = Release|Any CPU
		{C97A65E2-1B63-421F-8504-EB74ED096B5A}.Release|Any CPU.Build.0 = Release|Any CPU
		{563330D0-4DDD-43A9-9A9D-23848FCCCA7B}.Debug|Any CPU.ActiveCfg = Debug|Any CPU
		{563330D0-4DDD-43A9-9A9D-23848FCCCA7B}.Debug|Any CPU.Build.0 = Debug|Any CPU
		{563330D0-4DDD-43A9-9A9D-23848FCCCA7B}.Release|Any CPU.ActiveCfg = Release|Any CPU
		{563330D0-4DDD-43A9-9A9D-23848FCCCA7B}.Release|Any CPU.Build.0 = Release|Any CPU
		{7EEC4056-25A1-4543-8B79-B17C5C723B1F}.Debug|Any CPU.ActiveCfg = Debug|Any CPU
		{7EEC4056-25A1-4543-8B79-B17C5C723B1F}.Debug|Any CPU.Build.0 = Debug|Any CPU
		{7EEC4056-25A1-4543-8B79-B17C5C723B1F}.Release|Any CPU.ActiveCfg = Release|Any CPU
		{7EEC4056-25A1-4543-8B79-B17C5C723B1F}.Release|Any CPU.Build.0 = Release|Any CPU
		{00AC61AF-5E1F-44F4-BB38-25E909B3677E}.Debug|Any CPU.ActiveCfg = Debug|Any CPU
		{00AC61AF-5E1F-44F4-BB38-25E909B3677E}.Debug|Any CPU.Build.0 = Debug|Any CPU
		{00AC61AF-5E1F-44F4-BB38-25E909B3677E}.Release|Any CPU.ActiveCfg = Release|Any CPU
		{00AC61AF-5E1F-44F4-BB38-25E909B3677E}.Release|Any CPU.Build.0 = Release|Any CPU
		{65BFF754-37F0-416A-80FA-9B0EF4201F48}.Debug|Any CPU.ActiveCfg = Debug|Any CPU
		{65BFF754-37F0-416A-80FA-9B0EF4201F48}.Debug|Any CPU.Build.0 = Debug|Any CPU
		{65BFF754-37F0-416A-80FA-9B0EF4201F48}.Release|Any CPU.ActiveCfg = Release|Any CPU
		{65BFF754-37F0-416A-80FA-9B0EF4201F48}.Release|Any CPU.Build.0 = Release|Any CPU
		{32E6CB7E-6FFF-498A-846F-72C43E0F786A}.Debug|Any CPU.ActiveCfg = Debug|Any CPU
		{32E6CB7E-6FFF-498A-846F-72C43E0F786A}.Debug|Any CPU.Build.0 = Debug|Any CPU
		{32E6CB7E-6FFF-498A-846F-72C43E0F786A}.Release|Any CPU.ActiveCfg = Release|Any CPU
		{32E6CB7E-6FFF-498A-846F-72C43E0F786A}.Release|Any CPU.Build.0 = Release|Any CPU
		{830051CD-B031-4F98-80F6-014603A36B52}.Debug|Any CPU.ActiveCfg = Debug|Any CPU
		{830051CD-B031-4F98-80F6-014603A36B52}.Debug|Any CPU.Build.0 = Debug|Any CPU
		{830051CD-B031-4F98-80F6-014603A36B52}.Release|Any CPU.ActiveCfg = Release|Any CPU
		{830051CD-B031-4F98-80F6-014603A36B52}.Release|Any CPU.Build.0 = Release|Any CPU
	EndGlobalSection
	GlobalSection(SolutionProperties) = preSolution
		HideSolutionNode = FALSE
	EndGlobalSection
	GlobalSection(NestedProjects) = preSolution
		{27E95302-24C6-4127-AE88-8D88916C252B} = {86FC40F7-D04C-4FE8-8E8D-EA7125232C4B}
		{3AADE859-504A-4A8D-8D2E-1DA5D1289470} = {27E95302-24C6-4127-AE88-8D88916C252B}
		{4BDEB869-BE09-4DBA-BA53-BEAE1AC000BC} = {85836140-D61E-4BE4-96AF-B622A654A78F}
		{72AF408B-AFA6-4504-B302-036A08775EF8} = {2F91E386-4B37-495F-B00E-27703CB5D6CC}
		{E5125FF7-5A62-4DE6-97E2-2BEA866D7EFF} = {86FC40F7-D04C-4FE8-8E8D-EA7125232C4B}
		{A9164EA7-D6BA-4C8F-972A-DCF7DAF8603B} = {E5125FF7-5A62-4DE6-97E2-2BEA866D7EFF}
		{764BEA5C-838B-4D89-8F00-6B7F9D2FBA9A} = {86FC40F7-D04C-4FE8-8E8D-EA7125232C4B}
		{26B96C12-8AE3-4D3B-9EC5-5B65346782EA} = {764BEA5C-838B-4D89-8F00-6B7F9D2FBA9A}
		{8751262A-7A21-45BE-9159-FACAD124308E} = {86FC40F7-D04C-4FE8-8E8D-EA7125232C4B}
		{6635893E-FB70-4485-9406-6BC4F431A940} = {8751262A-7A21-45BE-9159-FACAD124308E}
		{D7015CF8-A981-4DF8-B198-7365F9A02F30} = {86FC40F7-D04C-4FE8-8E8D-EA7125232C4B}
		{30FFD71C-9422-48F7-A13F-DE48282D9168} = {D7015CF8-A981-4DF8-B198-7365F9A02F30}
		{C97A65E2-1B63-421F-8504-EB74ED096B5A} = {D7015CF8-A981-4DF8-B198-7365F9A02F30}
		{563330D0-4DDD-43A9-9A9D-23848FCCCA7B} = {D7015CF8-A981-4DF8-B198-7365F9A02F30}
		{7EEC4056-25A1-4543-8B79-B17C5C723B1F} = {D7015CF8-A981-4DF8-B198-7365F9A02F30}
		{00AC61AF-5E1F-44F4-BB38-25E909B3677E} = {D7015CF8-A981-4DF8-B198-7365F9A02F30}
		{A5A14DB2-38D8-49BF-88FB-9505C396C0B3} = {86FC40F7-D04C-4FE8-8E8D-EA7125232C4B}
		{65BFF754-37F0-416A-80FA-9B0EF4201F48} = {A5A14DB2-38D8-49BF-88FB-9505C396C0B3}
		{32E6CB7E-6FFF-498A-846F-72C43E0F786A} = {E46827FA-FDE8-407A-B93E-B95E22BF1CD6}
		{830051CD-B031-4F98-80F6-014603A36B52} = {EEF0BD19-C677-4073-9DF1-46D997EC8099}
	EndGlobalSection
	GlobalSection(ExtensibilityGlobals) = postSolution
		SolutionGuid = {9360A179-2305-4117-9FFF-A76FFDF0E06C}
	EndGlobalSection
EndGlobal
